
Microsoft Visual Studio Solution File, Format Version 10.00
# Visual Studio 2008
Project("{FAE04EC0-301F-11D3-BF4B-00C04F79EFBC}") = "ConvertJpegToPdfUsingItextSharp", "ConvertJpegToPdfUsingItextSharp\ConvertJpegToPdfUsingItextSharp.csproj", "{B8CA8E39-09CF-4B13-A5DF-912FF024417C}"
EndProject
Global
	GlobalSection(SolutionConfigurationPlatforms) = preSolution
		Debug|Any CPU = Debug|Any CPU
		Release|Any CPU = Release|Any CPU
	EndGlobalSection
	GlobalSection(ProjectConfigurationPlatforms) = postSolution
		{B8CA8E39-09CF-4B13-A5DF-912FF024417C}.Debug|Any CPU.ActiveCfg = Debug|Any CPU
		{B8CA8E39-09CF-4B13-A5DF-912FF024417C}.Debug|Any CPU.Build.0 = Debug|Any CPU
		{B8CA8E39-09CF-4B13-A5DF-912FF024417C}.Release|Any CPU.ActiveCfg = Release|Any CPU
		{B8CA8E39-09CF-4B13-A5DF-912FF024417C}.Release|Any CPU.Build.0 = Release|Any CPU
	EndGlobalSection
	GlobalSection(SolutionProperties) = preSolution
		HideSolutionNode = FALSE
	EndGlobalSection
EndGlobal
